
Microsoft Visual Studio Solution File, Format Version 12.00
# Visual Studio Version 16
VisualStudioVersion = 16.0.30128.74
MinimumVisualStudioVersion = 10.0.40219.1
Project("{2150E333-8FDC-42A3-9474-1A3956D46DE8}") = "Solution Items", "Solution Items", "{C695A0B7-BD6A-4287-867E-10B5F047CE49}"
	ProjectSection(SolutionItems) = preProject
		.editorconfig = .editorconfig
		.gitignore = .gitignore
		Directory.Build.Props = Directory.Build.Props
	EndProjectSection
EndProject
Project("{2150E333-8FDC-42A3-9474-1A3956D46DE8}") = "Testing", "Testing", "{5E546EC1-CDE3-4CA2-A49F-9AB1962EBF61}"
EndProject
Project("{FAE04EC0-301F-11D3-BF4B-00C04F79EFBC}") = "SystemAudioRecordingSoftware.Domain", "SystemAudioRecordingSoftware.Domain\SystemAudioRecordingSoftware.Domain.csproj", "{8B7F0868-0A5A-4591-9DB0-2CAF19F19B08}"
EndProject
Project("{FAE04EC0-301F-11D3-BF4B-00C04F79EFBC}") = "SystemAudioRecordingSoftware.Application", "SystemAudioRecordingSoftware.Application\SystemAudioRecordingSoftware.Application.csproj", "{5A384A22-0BCA-43FE-B4DA-B9C127B6F432}"
EndProject
Project("{FAE04EC0-301F-11D3-BF4B-00C04F79EFBC}") = "SystemAudioRecordingSoftware.Infrastructure", "SystemAudioRecordingSoftware.Infrastructure\SystemAudioRecordingSoftware.Infrastructure.csproj", "{9A707C4B-8434-4F39-B2F2-91896081F553}"
EndProject
Project("{FAE04EC0-301F-11D3-BF4B-00C04F79EFBC}") = "SystemAudioRecordingSoftware.Presentation", "SystemAudioRecordingSoftware.Presentation\SystemAudioRecordingSoftware.Presentation.csproj", "{B3231B29-D7E6-4296-AFC3-122C3523BB8A}"
EndProject
Project("{FAE04EC0-301F-11D3-BF4B-00C04F79EFBC}") = "SystemAudioRecordingSoftware.Infrastructure.Tests", "Testing\SystemAudioRecordingSoftware.Infrastructure.Tests\SystemAudioRecordingSoftware.Infrastructure.Tests.csproj", "{85365744-AC63-4A20-A5CA-045AF1F2DFF5}"
EndProject
Project("{FAE04EC0-301F-11D3-BF4B-00C04F79EFBC}") = "SystemAudioRecordingSoftware.Application.Tests", "Testing\SystemAudioRecordingSoftware.Application.Tests\SystemAudioRecordingSoftware.Application.Tests.csproj", "{649F7108-27AF-4B0B-93F4-7829FFBBAAC0}"
EndProject
Project("{FAE04EC0-301F-11D3-BF4B-00C04F79EFBC}") = "SystemAudioRecordingSoftware.Presentation.Tests", "Testing\SystemAudioRecordingSoftware.Presentation.Tests\SystemAudioRecordingSoftware.Presentation.Tests.csproj", "{D2A96312-4106-43D4-AE15-0BF30134A194}"
EndProject
Project("{FAE04EC0-301F-11D3-BF4B-00C04F79EFBC}") = "SystemAudioRecordingSoftware.Domain.Tests", "Testing\SystemAudioRecordingSoftware.Domain.Tests\SystemAudioRecordingSoftware.Domain.Tests.csproj", "{A4399FA5-500E-423A-AF27-89AED58283CC}"
EndProject
Global
	GlobalSection(SolutionConfigurationPlatforms) = preSolution
		Debug|Any CPU = Debug|Any CPU
		Release|Any CPU = Release|Any CPU
	EndGlobalSection
	GlobalSection(ProjectConfigurationPlatforms) = postSolution
		{8B7F0868-0A5A-4591-9DB0-2CAF19F19B08}.Debug|Any CPU.ActiveCfg = Debug|Any CPU
		{8B7F0868-0A5A-4591-9DB0-2CAF19F19B08}.Debug|Any CPU.Build.0 = Debug|Any CPU
		{8B7F0868-0A5A-4591-9DB0-2CAF19F19B08}.Release|Any CPU.ActiveCfg = Release|Any CPU
		{8B7F0868-0A5A-4591-9DB0-2CAF19F19B08}.Release|Any CPU.Build.0 = Release|Any CPU
		{5A384A22-0BCA-43FE-B4DA-B9C127B6F432}.Debug|Any CPU.ActiveCfg = Debug|Any CPU
		{5A384A22-0BCA-43FE-B4DA-B9C127B6F432}.Debug|Any CPU.Build.0 = Debug|Any CPU
		{5A384A22-0BCA-43FE-B4DA-B9C127B6F432}.Release|Any CPU.ActiveCfg = Release|Any CPU
		{5A384A22-0BCA-43FE-B4DA-B9C127B6F432}.Release|Any CPU.Build.0 = Release|Any CPU
		{9A707C4B-8434-4F39-B2F2-91896081F553}.Debug|Any CPU.ActiveCfg = Debug|Any CPU
		{9A707C4B-8434-4F39-B2F2-91896081F553}.Debug|Any CPU.Build.0 = Debug|Any CPU
		{9A707C4B-8434-4F39-B2F2-91896081F553}.Release|Any CPU.ActiveCfg = Release|Any CPU
		{9A707C4B-8434-4F39-B2F2-91896081F553}.Release|Any CPU.Build.0 = Release|Any CPU
		{B3231B29-D7E6-4296-AFC3-122C3523BB8A}.Debug|Any CPU.ActiveCfg = Debug|Any CPU
		{B3231B29-D7E6-4296-AFC3-122C3523BB8A}.Debug|Any CPU.Build.0 = Debug|Any CPU
		{B3231B29-D7E6-4296-AFC3-122C3523BB8A}.Release|Any CPU.ActiveCfg = Release|Any CPU
		{B3231B29-D7E6-4296-AFC3-122C3523BB8A}.Release|Any CPU.Build.0 = Release|Any CPU
		{85365744-AC63-4A20-A5CA-045AF1F2DFF5}.Debug|Any CPU.ActiveCfg = Debug|Any CPU
		{85365744-AC63-4A20-A5CA-045AF1F2DFF5}.Debug|Any CPU.Build.0 = Debug|Any CPU
		{85365744-AC63-4A20-A5CA-045AF1F2DFF5}.Release|Any CPU.ActiveCfg = Release|Any CPU
		{85365744-AC63-4A20-A5CA-045AF1F2DFF5}.Release|Any CPU.Build.0 = Release|Any CPU
		{649F7108-27AF-4B0B-93F4-7829FFBBAAC0}.Debug|Any CPU.ActiveCfg = Debug|Any CPU
		{649F7108-27AF-4B0B-93F4-7829FFBBAAC0}.Debug|Any CPU.Build.0 = Debug|Any CPU
		{649F7108-27AF-4B0B-93F4-7829FFBBAAC0}.Release|Any CPU.ActiveCfg = Release|Any CPU
		{649F7108-27AF-4B0B-93F4-7829FFBBAAC0}.Release|Any CPU.Build.0 = Release|Any CPU
		{D2A96312-4106-43D4-AE15-0BF30134A194}.Debug|Any CPU.ActiveCfg = Debug|Any CPU
		{D2A96312-4106-43D4-AE15-0BF30134A194}.Debug|Any CPU.Build.0 = Debug|Any CPU
		{D2A96312-4106-43D4-AE15-0BF30134A194}.Release|Any CPU.ActiveCfg = Release|Any CPU
		{D2A96312-4106-43D4-AE15-0BF30134A194}.Release|Any CPU.Build.0 = Release|Any CPU
		{A4399FA5-500E-423A-AF27-89AED58283CC}.Debug|Any CPU.ActiveCfg = Debug|Any CPU
		{A4399FA5-500E-423A-AF27-89AED58283CC}.Debug|Any CPU.Build.0 = Debug|Any CPU
		{A4399FA5-500E-423A-AF27-89AED58283CC}.Release|Any CPU.ActiveCfg = Release|Any CPU
		{A4399FA5-500E-423A-AF27-89AED58283CC}.Release|Any CPU.Build.0 = Release|Any CPU
	EndGlobalSection
	GlobalSection(SolutionProperties) = preSolution
		HideSolutionNode = FALSE
	EndGlobalSection
	GlobalSection(NestedProjects) = preSolution
		{85365744-AC63-4A20-A5CA-045AF1F2DFF5} = {5E546EC1-CDE3-4CA2-A49F-9AB1962EBF61}
		{649F7108-27AF-4B0B-93F4-7829FFBBAAC0} = {5E546EC1-CDE3-4CA2-A49F-9AB1962EBF61}
		{D2A96312-4106-43D4-AE15-0BF30134A194} = {5E546EC1-CDE3-4CA2-A49F-9AB1962EBF61}
		{A4399FA5-500E-423A-AF27-89AED58283CC} = {5E546EC1-CDE3-4CA2-A49F-9AB1962EBF61}
	EndGlobalSection
	GlobalSection(ExtensibilityGlobals) = postSolution
		SolutionGuid = {1BA88989-1391-4307-B1DD-917A7010BBEE}
	EndGlobalSection
EndGlobal
